// !$*UTF8*$!
{
	archiveVersion = 1;
	classes = {
	};
	objectVersion = 50;
	objects = {

/* Begin PBXBuildFile section */
<<<<<<< HEAD
		FA5C1B9224753ED900435972 /* 1922.cpp in Sources */ = {isa = PBXBuildFile; fileRef = FA4E9D52246627BB0098D236 /* 1922.cpp */; };
=======
		FA4E9D59246708410098D236 /* 9372.cpp in Sources */ = {isa = PBXBuildFile; fileRef = FA4E9D58246708410098D236 /* 9372.cpp */; };
>>>>>>> 6d3aaef1bb77bc04faebd71d1950df869931851a
/* End PBXBuildFile section */

/* Begin PBXCopyFilesBuildPhase section */
		FAA146A824632B45005A255D /* CopyFiles */ = {
			isa = PBXCopyFilesBuildPhase;
			buildActionMask = 2147483647;
			dstPath = /usr/share/man/man1/;
			dstSubfolderSpec = 0;
			files = (
			);
			runOnlyForDeploymentPostprocessing = 1;
		};
/* End PBXCopyFilesBuildPhase section */

/* Begin PBXFileReference section */
		FA198BC42463F7FF00C1F370 /* 1937.cpp */ = {isa = PBXFileReference; lastKnownFileType = sourcecode.cpp.cpp; path = 1937.cpp; sourceTree = "<group>"; };
		FA198BC824640F3D00C1F370 /* 7453.cpp */ = {isa = PBXFileReference; lastKnownFileType = sourcecode.cpp.cpp; path = 7453.cpp; sourceTree = "<group>"; };
		FA198BCA2464272900C1F370 /* 1931.cpp */ = {isa = PBXFileReference; lastKnownFileType = sourcecode.cpp.cpp; path = 1931.cpp; sourceTree = "<group>"; };
		FA198BCD246432C100C1F370 /* 11657.cpp */ = {isa = PBXFileReference; lastKnownFileType = sourcecode.cpp.cpp; path = 11657.cpp; sourceTree = "<group>"; };
		FA4E9D0124632C070098D236 /* 17281.cpp */ = {isa = PBXFileReference; lastKnownFileType = sourcecode.cpp.cpp; path = 17281.cpp; sourceTree = "<group>"; };
		FA4E9D0224632C070098D236 /* 17142.cpp */ = {isa = PBXFileReference; lastKnownFileType = sourcecode.cpp.cpp; path = 17142.cpp; sourceTree = "<group>"; };
		FA4E9D0424632C070098D236 /* 2056.cpp */ = {isa = PBXFileReference; lastKnownFileType = sourcecode.cpp.cpp; path = 2056.cpp; sourceTree = "<group>"; };
		FA4E9D0524632C070098D236 /* 1766.cpp */ = {isa = PBXFileReference; lastKnownFileType = sourcecode.cpp.cpp; path = 1766.cpp; sourceTree = "<group>"; };
		FA4E9D0624632C070098D236 /* 2252.cpp */ = {isa = PBXFileReference; lastKnownFileType = sourcecode.cpp.cpp; path = 2252.cpp; sourceTree = "<group>"; };
		FA4E9D0724632C070098D236 /* 1516.cpp */ = {isa = PBXFileReference; lastKnownFileType = sourcecode.cpp.cpp; path = 1516.cpp; sourceTree = "<group>"; };
		FA4E9D0824632C070098D236 /* 2623.cpp */ = {isa = PBXFileReference; lastKnownFileType = sourcecode.cpp.cpp; path = 2623.cpp; sourceTree = "<group>"; };
		FA4E9D0A24632C070098D236 /* 16637.cpp */ = {isa = PBXFileReference; lastKnownFileType = sourcecode.cpp.cpp; path = 16637.cpp; sourceTree = "<group>"; };
		FA4E9D0B24632C070098D236 /* 17070.cpp */ = {isa = PBXFileReference; lastKnownFileType = sourcecode.cpp.cpp; path = 17070.cpp; sourceTree = "<group>"; };
		FA4E9D0D24632C070098D236 /* 1613.cpp */ = {isa = PBXFileReference; lastKnownFileType = sourcecode.cpp.cpp; path = 1613.cpp; sourceTree = "<group>"; };
		FA4E9D0E24632C070098D236 /* 10159.cpp */ = {isa = PBXFileReference; lastKnownFileType = sourcecode.cpp.cpp; path = 10159.cpp; sourceTree = "<group>"; };
		FA4E9D0F24632C070098D236 /* 11404.cpp */ = {isa = PBXFileReference; lastKnownFileType = sourcecode.cpp.cpp; path = 11404.cpp; sourceTree = "<group>"; };
		FA4E9D1024632C070098D236 /* 2458.cpp */ = {isa = PBXFileReference; lastKnownFileType = sourcecode.cpp.cpp; path = 2458.cpp; sourceTree = "<group>"; };
		FA4E9D1224632C070098D236 /* 2042.cpp */ = {isa = PBXFileReference; lastKnownFileType = sourcecode.cpp.cpp; path = 2042.cpp; sourceTree = "<group>"; };
		FA4E9D1324632C070098D236 /* 10868.cpp */ = {isa = PBXFileReference; lastKnownFileType = sourcecode.cpp.cpp; path = 10868.cpp; sourceTree = "<group>"; };
		FA4E9D1424632C070098D236 /* 2357.cpp */ = {isa = PBXFileReference; lastKnownFileType = sourcecode.cpp.cpp; path = 2357.cpp; sourceTree = "<group>"; };
		FA4E9D1624632C070098D236 /* 3190.cpp */ = {isa = PBXFileReference; lastKnownFileType = sourcecode.cpp.cpp; path = 3190.cpp; sourceTree = "<group>"; };
		FA4E9D1824632C070098D236 /* 9663.cpp */ = {isa = PBXFileReference; lastKnownFileType = sourcecode.cpp.cpp; path = 9663.cpp; sourceTree = "<group>"; };
		FA4E9D1924632C070098D236 /* 1759.cpp */ = {isa = PBXFileReference; lastKnownFileType = sourcecode.cpp.cpp; path = 1759.cpp; sourceTree = "<group>"; };
		FA4E9D1A24632C070098D236 /* 2580.cpp */ = {isa = PBXFileReference; lastKnownFileType = sourcecode.cpp.cpp; path = 2580.cpp; sourceTree = "<group>"; };
		FA4E9D1B24632C070098D236 /* 6603.cpp */ = {isa = PBXFileReference; lastKnownFileType = sourcecode.cpp.cpp; path = 6603.cpp; sourceTree = "<group>"; };
		FA4E9D1C24632C070098D236 /* 9663_1.cpp */ = {isa = PBXFileReference; lastKnownFileType = sourcecode.cpp.cpp; path = 9663_1.cpp; sourceTree = "<group>"; };
		FA4E9D1F24632C070098D236 /* 12100.cpp */ = {isa = PBXFileReference; lastKnownFileType = sourcecode.cpp.cpp; path = 12100.cpp; sourceTree = "<group>"; };
		FA4E9D2024632C070098D236 /* 1113.cpp */ = {isa = PBXFileReference; lastKnownFileType = sourcecode.cpp.cpp; path = 1113.cpp; sourceTree = "<group>"; };
		FA4E9D2124632C070098D236 /* 5373.cpp */ = {isa = PBXFileReference; lastKnownFileType = sourcecode.cpp.cpp; path = 5373.cpp; sourceTree = "<group>"; };
		FA4E9D2324632C070098D236 /* 2170.cpp */ = {isa = PBXFileReference; lastKnownFileType = sourcecode.cpp.cpp; path = 2170.cpp; sourceTree = "<group>"; };
		FA4E9D2524632C070098D236 /* 17135.cpp */ = {isa = PBXFileReference; lastKnownFileType = sourcecode.cpp.cpp; path = 17135.cpp; sourceTree = "<group>"; };
		FA4E9D2624632C070098D236 /* 1564.cpp */ = {isa = PBXFileReference; lastKnownFileType = sourcecode.cpp.cpp; path = 1564.cpp; sourceTree = "<group>"; };
		FA4E9D2724632C070098D236 /* 13460.cpp */ = {isa = PBXFileReference; lastKnownFileType = sourcecode.cpp.cpp; path = 13460.cpp; sourceTree = "<group>"; };
		FA4E9D2924632C070098D236 /* 9576.cpp */ = {isa = PBXFileReference; lastKnownFileType = sourcecode.cpp.cpp; path = 9576.cpp; sourceTree = "<group>"; };
		FA4E9D2B24632C070098D236 /* 11722.cpp */ = {isa = PBXFileReference; lastKnownFileType = sourcecode.cpp.cpp; path = 11722.cpp; sourceTree = "<group>"; };
		FA4E9D2C24632C070098D236 /* 9251.cpp */ = {isa = PBXFileReference; lastKnownFileType = sourcecode.cpp.cpp; path = 9251.cpp; sourceTree = "<group>"; };
		FA4E9D2E24632C070098D236 /* 1238.cpp */ = {isa = PBXFileReference; lastKnownFileType = sourcecode.cpp.cpp; path = 1238.cpp; sourceTree = "<group>"; };
		FA4E9D2F24632C070098D236 /* 1916.cpp */ = {isa = PBXFileReference; lastKnownFileType = sourcecode.cpp.cpp; path = 1916.cpp; sourceTree = "<group>"; };
		FA4E9D3024632C070098D236 /* 1753.cpp */ = {isa = PBXFileReference; lastKnownFileType = sourcecode.cpp.cpp; path = 1753.cpp; sourceTree = "<group>"; };
		FA4E9D3224632C070098D236 /* 12100.cpp */ = {isa = PBXFileReference; lastKnownFileType = sourcecode.cpp.cpp; path = 12100.cpp; sourceTree = "<group>"; };
		FA4E9D3324632C070098D236 /* 13460.cpp */ = {isa = PBXFileReference; lastKnownFileType = sourcecode.cpp.cpp; path = 13460.cpp; sourceTree = "<group>"; };
		FA4E9D3424632C070098D236 /* 13458.cpp */ = {isa = PBXFileReference; lastKnownFileType = sourcecode.cpp.cpp; path = 13458.cpp; sourceTree = "<group>"; };
		FA4E9D3524632C070098D236 /* 3190.cpp */ = {isa = PBXFileReference; lastKnownFileType = sourcecode.cpp.cpp; path = 3190.cpp; sourceTree = "<group>"; };
		FA4E9D3724632C070098D236 /* 17135.cpp */ = {isa = PBXFileReference; lastKnownFileType = sourcecode.cpp.cpp; path = 17135.cpp; sourceTree = "<group>"; };
		FA4E9D3824632C070098D236 /* 17281.cpp */ = {isa = PBXFileReference; lastKnownFileType = sourcecode.cpp.cpp; path = 17281.cpp; sourceTree = "<group>"; };
		FA4E9D3924632C070098D236 /* 17136.cpp */ = {isa = PBXFileReference; lastKnownFileType = sourcecode.cpp.cpp; path = 17136.cpp; sourceTree = "<group>"; };
		FA4E9D3A24632C070098D236 /* 17406.cpp */ = {isa = PBXFileReference; lastKnownFileType = sourcecode.cpp.cpp; path = 17406.cpp; sourceTree = "<group>"; };
		FA4E9D3B24632C070098D236 /* 17472.cpp */ = {isa = PBXFileReference; lastKnownFileType = sourcecode.cpp.cpp; path = 17472.cpp; sourceTree = "<group>"; };
		FA4E9D3C24632C070098D236 /* 16637.cpp */ = {isa = PBXFileReference; lastKnownFileType = sourcecode.cpp.cpp; path = 16637.cpp; sourceTree = "<group>"; };
		FA4E9D3D24632C070098D236 /* 17070.cpp */ = {isa = PBXFileReference; lastKnownFileType = sourcecode.cpp.cpp; path = 17070.cpp; sourceTree = "<group>"; };
		FA4E9D3F24632C070098D236 /* 1766.cpp */ = {isa = PBXFileReference; lastKnownFileType = sourcecode.cpp.cpp; path = 1766.cpp; sourceTree = "<group>"; };
		FA4E9D4024632C070098D236 /* 2252.cpp */ = {isa = PBXFileReference; lastKnownFileType = sourcecode.cpp.cpp; path = 2252.cpp; sourceTree = "<group>"; };
		FA4E9D4124632C070098D236 /* 1753_1.cpp */ = {isa = PBXFileReference; lastKnownFileType = sourcecode.cpp.cpp; path = 1753_1.cpp; sourceTree = "<group>"; };
		FA4E9D4224632C070098D236 /* 1753.cpp */ = {isa = PBXFileReference; lastKnownFileType = sourcecode.cpp.cpp; path = 1753.cpp; sourceTree = "<group>"; };
		FA4E9D4324632F8C0098D236 /* 11054.cpp */ = {isa = PBXFileReference; lastKnownFileType = sourcecode.cpp.cpp; path = 11054.cpp; sourceTree = "<group>"; };
		FA4E9D45246330470098D236 /* 11055.cpp */ = {isa = PBXFileReference; lastKnownFileType = sourcecode.cpp.cpp; path = 11055.cpp; sourceTree = "<group>"; };
		FA4E9D47246330D40098D236 /* 11053.cpp */ = {isa = PBXFileReference; lastKnownFileType = sourcecode.cpp.cpp; path = 11053.cpp; sourceTree = "<group>"; };
		FA4E9D4A2465E71D0098D236 /* 1865.cpp */ = {isa = PBXFileReference; lastKnownFileType = sourcecode.cpp.cpp; path = 1865.cpp; sourceTree = "<group>"; };
		FA4E9D52246627BB0098D236 /* 1922.cpp */ = {isa = PBXFileReference; lastKnownFileType = sourcecode.cpp.cpp; path = 1922.cpp; sourceTree = "<group>"; };
		FA4E9D54246692610098D236 /* 1197.cpp */ = {isa = PBXFileReference; lastKnownFileType = sourcecode.cpp.cpp; path = 1197.cpp; sourceTree = "<group>"; };
		FA4E9D56246697660098D236 /* 2887.cpp */ = {isa = PBXFileReference; lastKnownFileType = sourcecode.cpp.cpp; path = 2887.cpp; sourceTree = "<group>"; };
		FA4E9D58246708410098D236 /* 9372.cpp */ = {isa = PBXFileReference; lastKnownFileType = sourcecode.cpp.cpp; path = 9372.cpp; sourceTree = "<group>"; };
		FAA146AA24632B45005A255D /* solved */ = {isa = PBXFileReference; explicitFileType = "compiled.mach-o.executable"; includeInIndex = 0; path = solved; sourceTree = BUILT_PRODUCTS_DIR; };
		FAA146AD24632B45005A255D /* main.cpp */ = {isa = PBXFileReference; lastKnownFileType = sourcecode.cpp.cpp; path = main.cpp; sourceTree = "<group>"; };
/* End PBXFileReference section */

/* Begin PBXFrameworksBuildPhase section */
		FAA146A724632B45005A255D /* Frameworks */ = {
			isa = PBXFrameworksBuildPhase;
			buildActionMask = 2147483647;
			files = (
			);
			runOnlyForDeploymentPostprocessing = 0;
		};
/* End PBXFrameworksBuildPhase section */

/* Begin PBXGroup section */
		FA198BC724640F3200C1F370 /* bruteforce */ = {
			isa = PBXGroup;
			children = (
				FA198BC824640F3D00C1F370 /* 7453.cpp */,
			);
			path = bruteforce;
			sourceTree = "<group>";
		};
		FA198BCC2464324C00C1F370 /* bellman-ford */ = {
			isa = PBXGroup;
			children = (
				FA198BCD246432C100C1F370 /* 11657.cpp */,
				FA4E9D4A2465E71D0098D236 /* 1865.cpp */,
			);
			path = "bellman-ford";
			sourceTree = "<group>";
		};
		FA4E9CFF24632C070098D236 /* algorithm */ = {
			isa = PBXGroup;
			children = (
				FA4E9D4F2466211D0098D236 /* minimum spanning tree */,
				FA198BCC2464324C00C1F370 /* bellman-ford */,
				FA198BC724640F3200C1F370 /* bruteforce */,
				FA4E9D0024632C070098D236 /* permutation */,
				FA4E9D0324632C070098D236 /* topological sort */,
				FA4E9D0924632C070098D236 /* dfs */,
				FA4E9D0C24632C070098D236 /* floyd-warshall */,
				FA4E9D1124632C070098D236 /* segmenttree */,
				FA4E9D1524632C070098D236 /* linkedlist */,
				FA4E9D1724632C070098D236 /* backtracking */,
				FA4E9D1D24632C070098D236 /* algo */,
				FA4E9D1E24632C070098D236 /* simulation */,
				FA4E9D2224632C070098D236 /* swiping */,
				FA4E9D2424632C070098D236 /* bfs */,
				FA4E9D2824632C070098D236 /* greedy */,
				FA4E9D2A24632C070098D236 /* dp */,
				FA4E9D2D24632C070098D236 /* dijkstra */,
			);
			path = algorithm;
			sourceTree = "<group>";
		};
		FA4E9D0024632C070098D236 /* permutation */ = {
			isa = PBXGroup;
			children = (
				FA4E9D0124632C070098D236 /* 17281.cpp */,
				FA4E9D0224632C070098D236 /* 17142.cpp */,
			);
			path = permutation;
			sourceTree = "<group>";
		};
		FA4E9D0324632C070098D236 /* topological sort */ = {
			isa = PBXGroup;
			children = (
				FA4E9D0424632C070098D236 /* 2056.cpp */,
				FA4E9D0524632C070098D236 /* 1766.cpp */,
				FA4E9D0624632C070098D236 /* 2252.cpp */,
				FA4E9D0724632C070098D236 /* 1516.cpp */,
				FA4E9D0824632C070098D236 /* 2623.cpp */,
			);
			path = "topological sort";
			sourceTree = "<group>";
		};
		FA4E9D0924632C070098D236 /* dfs */ = {
			isa = PBXGroup;
			children = (
				FA4E9D0A24632C070098D236 /* 16637.cpp */,
				FA4E9D0B24632C070098D236 /* 17070.cpp */,
			);
			path = dfs;
			sourceTree = "<group>";
		};
		FA4E9D0C24632C070098D236 /* floyd-warshall */ = {
			isa = PBXGroup;
			children = (
				FA4E9D0D24632C070098D236 /* 1613.cpp */,
				FA4E9D0E24632C070098D236 /* 10159.cpp */,
				FA4E9D0F24632C070098D236 /* 11404.cpp */,
				FA4E9D1024632C070098D236 /* 2458.cpp */,
			);
			path = "floyd-warshall";
			sourceTree = "<group>";
		};
		FA4E9D1124632C070098D236 /* segmenttree */ = {
			isa = PBXGroup;
			children = (
				FA4E9D1224632C070098D236 /* 2042.cpp */,
				FA4E9D1324632C070098D236 /* 10868.cpp */,
				FA4E9D1424632C070098D236 /* 2357.cpp */,
			);
			path = segmenttree;
			sourceTree = "<group>";
		};
		FA4E9D1524632C070098D236 /* linkedlist */ = {
			isa = PBXGroup;
			children = (
				FA4E9D1624632C070098D236 /* 3190.cpp */,
			);
			path = linkedlist;
			sourceTree = "<group>";
		};
		FA4E9D1724632C070098D236 /* backtracking */ = {
			isa = PBXGroup;
			children = (
				FA4E9D1824632C070098D236 /* 9663.cpp */,
				FA4E9D1924632C070098D236 /* 1759.cpp */,
				FA4E9D1A24632C070098D236 /* 2580.cpp */,
				FA4E9D1B24632C070098D236 /* 6603.cpp */,
				FA4E9D1C24632C070098D236 /* 9663_1.cpp */,
			);
			path = backtracking;
			sourceTree = "<group>";
		};
		FA4E9D1D24632C070098D236 /* algo */ = {
			isa = PBXGroup;
			children = (
			);
			path = algo;
			sourceTree = "<group>";
		};
		FA4E9D1E24632C070098D236 /* simulation */ = {
			isa = PBXGroup;
			children = (
				FA4E9D1F24632C070098D236 /* 12100.cpp */,
				FA4E9D2024632C070098D236 /* 1113.cpp */,
				FA4E9D2124632C070098D236 /* 5373.cpp */,
			);
			path = simulation;
			sourceTree = "<group>";
		};
		FA4E9D2224632C070098D236 /* swiping */ = {
			isa = PBXGroup;
			children = (
				FA4E9D2324632C070098D236 /* 2170.cpp */,
			);
			path = swiping;
			sourceTree = "<group>";
		};
		FA4E9D2424632C070098D236 /* bfs */ = {
			isa = PBXGroup;
			children = (
				FA4E9D2524632C070098D236 /* 17135.cpp */,
				FA4E9D2624632C070098D236 /* 1564.cpp */,
				FA4E9D2724632C070098D236 /* 13460.cpp */,
			);
			path = bfs;
			sourceTree = "<group>";
		};
		FA4E9D2824632C070098D236 /* greedy */ = {
			isa = PBXGroup;
			children = (
				FA4E9D2924632C070098D236 /* 9576.cpp */,
				FA198BCA2464272900C1F370 /* 1931.cpp */,
			);
			path = greedy;
			sourceTree = "<group>";
		};
		FA4E9D2A24632C070098D236 /* dp */ = {
			isa = PBXGroup;
			children = (
				FA4E9D2B24632C070098D236 /* 11722.cpp */,
				FA4E9D2C24632C070098D236 /* 9251.cpp */,
				FA4E9D4324632F8C0098D236 /* 11054.cpp */,
				FA4E9D45246330470098D236 /* 11055.cpp */,
				FA4E9D47246330D40098D236 /* 11053.cpp */,
			);
			path = dp;
			sourceTree = "<group>";
		};
		FA4E9D2D24632C070098D236 /* dijkstra */ = {
			isa = PBXGroup;
			children = (
				FA4E9D2E24632C070098D236 /* 1238.cpp */,
				FA4E9D2F24632C070098D236 /* 1916.cpp */,
				FA4E9D3024632C070098D236 /* 1753.cpp */,
			);
			path = dijkstra;
			sourceTree = "<group>";
		};
		FA4E9D3124632C070098D236 /* sw_test */ = {
			isa = PBXGroup;
			children = (
				FA4E9D3224632C070098D236 /* 12100.cpp */,
				FA4E9D3324632C070098D236 /* 13460.cpp */,
				FA4E9D3424632C070098D236 /* 13458.cpp */,
				FA4E9D3524632C070098D236 /* 3190.cpp */,
			);
			path = sw_test;
			sourceTree = "<group>";
		};
		FA4E9D3624632C070098D236 /* sw_atest */ = {
			isa = PBXGroup;
			children = (
				FA4E9D3724632C070098D236 /* 17135.cpp */,
				FA4E9D3824632C070098D236 /* 17281.cpp */,
				FA4E9D3924632C070098D236 /* 17136.cpp */,
				FA4E9D3A24632C070098D236 /* 17406.cpp */,
				FA4E9D3B24632C070098D236 /* 17472.cpp */,
				FA4E9D3C24632C070098D236 /* 16637.cpp */,
				FA4E9D3D24632C070098D236 /* 17070.cpp */,
			);
			path = sw_atest;
			sourceTree = "<group>";
		};
		FA4E9D3E24632C070098D236 /* problem */ = {
			isa = PBXGroup;
			children = (
				FA4E9D3F24632C070098D236 /* 1766.cpp */,
				FA4E9D4024632C070098D236 /* 2252.cpp */,
				FA4E9D4124632C070098D236 /* 1753_1.cpp */,
				FA4E9D4224632C070098D236 /* 1753.cpp */,
				FA198BC42463F7FF00C1F370 /* 1937.cpp */,
			);
			path = problem;
			sourceTree = "<group>";
		};
		FA4E9D4F2466211D0098D236 /* minimum spanning tree */ = {
			isa = PBXGroup;
			children = (
				FA4E9D52246627BB0098D236 /* 1922.cpp */,
				FA4E9D54246692610098D236 /* 1197.cpp */,
				FA4E9D56246697660098D236 /* 2887.cpp */,
				FA4E9D58246708410098D236 /* 9372.cpp */,
			);
			path = "minimum spanning tree";
			sourceTree = "<group>";
		};
		FAA146A124632B45005A255D = {
			isa = PBXGroup;
			children = (
				FAA146AC24632B45005A255D /* solved */,
				FAA146AB24632B45005A255D /* Products */,
				FA4E9CFF24632C070098D236 /* algorithm */,
				FA4E9D3E24632C070098D236 /* problem */,
				FA4E9D3624632C070098D236 /* sw_atest */,
				FA4E9D3124632C070098D236 /* sw_test */,
			);
			sourceTree = "<group>";
		};
		FAA146AB24632B45005A255D /* Products */ = {
			isa = PBXGroup;
			children = (
				FAA146AA24632B45005A255D /* solved */,
			);
			name = Products;
			sourceTree = "<group>";
		};
		FAA146AC24632B45005A255D /* solved */ = {
			isa = PBXGroup;
			children = (
				FAA146AD24632B45005A255D /* main.cpp */,
			);
			path = solved;
			sourceTree = "<group>";
		};
/* End PBXGroup section */

/* Begin PBXNativeTarget section */
		FAA146A924632B45005A255D /* solved */ = {
			isa = PBXNativeTarget;
			buildConfigurationList = FAA146B124632B45005A255D /* Build configuration list for PBXNativeTarget "solved" */;
			buildPhases = (
				FAA146A624632B45005A255D /* Sources */,
				FAA146A724632B45005A255D /* Frameworks */,
				FAA146A824632B45005A255D /* CopyFiles */,
			);
			buildRules = (
			);
			dependencies = (
			);
			name = solved;
			productName = solved;
			productReference = FAA146AA24632B45005A255D /* solved */;
			productType = "com.apple.product-type.tool";
		};
/* End PBXNativeTarget section */

/* Begin PBXProject section */
		FAA146A224632B45005A255D /* Project object */ = {
			isa = PBXProject;
			attributes = {
				LastUpgradeCheck = 1130;
				ORGANIZATIONNAME = hanjongho;
				TargetAttributes = {
					FAA146A924632B45005A255D = {
						CreatedOnToolsVersion = 11.3.1;
					};
				};
			};
			buildConfigurationList = FAA146A524632B45005A255D /* Build configuration list for PBXProject "solved" */;
			compatibilityVersion = "Xcode 9.3";
			developmentRegion = en;
			hasScannedForEncodings = 0;
			knownRegions = (
				en,
				Base,
			);
			mainGroup = FAA146A124632B45005A255D;
			productRefGroup = FAA146AB24632B45005A255D /* Products */;
			projectDirPath = "";
			projectRoot = "";
			targets = (
				FAA146A924632B45005A255D /* solved */,
			);
		};
/* End PBXProject section */

/* Begin PBXSourcesBuildPhase section */
		FAA146A624632B45005A255D /* Sources */ = {
			isa = PBXSourcesBuildPhase;
			buildActionMask = 2147483647;
			files = (
<<<<<<< HEAD
				FA5C1B9224753ED900435972 /* 1922.cpp in Sources */,
=======
				FA4E9D59246708410098D236 /* 9372.cpp in Sources */,
>>>>>>> 6d3aaef1bb77bc04faebd71d1950df869931851a
			);
			runOnlyForDeploymentPostprocessing = 0;
		};
/* End PBXSourcesBuildPhase section */

/* Begin XCBuildConfiguration section */
		FAA146AF24632B45005A255D /* Debug */ = {
			isa = XCBuildConfiguration;
			buildSettings = {
				ALWAYS_SEARCH_USER_PATHS = NO;
				CLANG_ANALYZER_NONNULL = YES;
				CLANG_ANALYZER_NUMBER_OBJECT_CONVERSION = YES_AGGRESSIVE;
				CLANG_CXX_LANGUAGE_STANDARD = "gnu++14";
				CLANG_CXX_LIBRARY = "libc++";
				CLANG_ENABLE_MODULES = YES;
				CLANG_ENABLE_OBJC_ARC = YES;
				CLANG_ENABLE_OBJC_WEAK = YES;
				CLANG_WARN_BLOCK_CAPTURE_AUTORELEASING = YES;
				CLANG_WARN_BOOL_CONVERSION = YES;
				CLANG_WARN_COMMA = YES;
				CLANG_WARN_CONSTANT_CONVERSION = YES;
				CLANG_WARN_DEPRECATED_OBJC_IMPLEMENTATIONS = YES;
				CLANG_WARN_DIRECT_OBJC_ISA_USAGE = YES_ERROR;
				CLANG_WARN_DOCUMENTATION_COMMENTS = YES;
				CLANG_WARN_EMPTY_BODY = YES;
				CLANG_WARN_ENUM_CONVERSION = YES;
				CLANG_WARN_INFINITE_RECURSION = YES;
				CLANG_WARN_INT_CONVERSION = YES;
				CLANG_WARN_NON_LITERAL_NULL_CONVERSION = YES;
				CLANG_WARN_OBJC_IMPLICIT_RETAIN_SELF = YES;
				CLANG_WARN_OBJC_LITERAL_CONVERSION = YES;
				CLANG_WARN_OBJC_ROOT_CLASS = YES_ERROR;
				CLANG_WARN_RANGE_LOOP_ANALYSIS = YES;
				CLANG_WARN_STRICT_PROTOTYPES = YES;
				CLANG_WARN_SUSPICIOUS_MOVE = YES;
				CLANG_WARN_UNGUARDED_AVAILABILITY = YES_AGGRESSIVE;
				CLANG_WARN_UNREACHABLE_CODE = YES;
				CLANG_WARN__DUPLICATE_METHOD_MATCH = YES;
				COPY_PHASE_STRIP = NO;
				DEBUG_INFORMATION_FORMAT = dwarf;
				ENABLE_STRICT_OBJC_MSGSEND = YES;
				ENABLE_TESTABILITY = YES;
				GCC_C_LANGUAGE_STANDARD = gnu11;
				GCC_DYNAMIC_NO_PIC = NO;
				GCC_NO_COMMON_BLOCKS = YES;
				GCC_OPTIMIZATION_LEVEL = 0;
				GCC_PREPROCESSOR_DEFINITIONS = (
					"DEBUG=1",
					"$(inherited)",
				);
				GCC_WARN_64_TO_32_BIT_CONVERSION = YES;
				GCC_WARN_ABOUT_RETURN_TYPE = YES_ERROR;
				GCC_WARN_UNDECLARED_SELECTOR = YES;
				GCC_WARN_UNINITIALIZED_AUTOS = YES_AGGRESSIVE;
				GCC_WARN_UNUSED_FUNCTION = YES;
				GCC_WARN_UNUSED_VARIABLE = YES;
				MACOSX_DEPLOYMENT_TARGET = 10.14;
				MTL_ENABLE_DEBUG_INFO = INCLUDE_SOURCE;
				MTL_FAST_MATH = YES;
				ONLY_ACTIVE_ARCH = YES;
				SDKROOT = macosx;
			};
			name = Debug;
		};
		FAA146B024632B45005A255D /* Release */ = {
			isa = XCBuildConfiguration;
			buildSettings = {
				ALWAYS_SEARCH_USER_PATHS = NO;
				CLANG_ANALYZER_NONNULL = YES;
				CLANG_ANALYZER_NUMBER_OBJECT_CONVERSION = YES_AGGRESSIVE;
				CLANG_CXX_LANGUAGE_STANDARD = "gnu++14";
				CLANG_CXX_LIBRARY = "libc++";
				CLANG_ENABLE_MODULES = YES;
				CLANG_ENABLE_OBJC_ARC = YES;
				CLANG_ENABLE_OBJC_WEAK = YES;
				CLANG_WARN_BLOCK_CAPTURE_AUTORELEASING = YES;
				CLANG_WARN_BOOL_CONVERSION = YES;
				CLANG_WARN_COMMA = YES;
				CLANG_WARN_CONSTANT_CONVERSION = YES;
				CLANG_WARN_DEPRECATED_OBJC_IMPLEMENTATIONS = YES;
				CLANG_WARN_DIRECT_OBJC_ISA_USAGE = YES_ERROR;
				CLANG_WARN_DOCUMENTATION_COMMENTS = YES;
				CLANG_WARN_EMPTY_BODY = YES;
				CLANG_WARN_ENUM_CONVERSION = YES;
				CLANG_WARN_INFINITE_RECURSION = YES;
				CLANG_WARN_INT_CONVERSION = YES;
				CLANG_WARN_NON_LITERAL_NULL_CONVERSION = YES;
				CLANG_WARN_OBJC_IMPLICIT_RETAIN_SELF = YES;
				CLANG_WARN_OBJC_LITERAL_CONVERSION = YES;
				CLANG_WARN_OBJC_ROOT_CLASS = YES_ERROR;
				CLANG_WARN_RANGE_LOOP_ANALYSIS = YES;
				CLANG_WARN_STRICT_PROTOTYPES = YES;
				CLANG_WARN_SUSPICIOUS_MOVE = YES;
				CLANG_WARN_UNGUARDED_AVAILABILITY = YES_AGGRESSIVE;
				CLANG_WARN_UNREACHABLE_CODE = YES;
				CLANG_WARN__DUPLICATE_METHOD_MATCH = YES;
				COPY_PHASE_STRIP = NO;
				DEBUG_INFORMATION_FORMAT = "dwarf-with-dsym";
				ENABLE_NS_ASSERTIONS = NO;
				ENABLE_STRICT_OBJC_MSGSEND = YES;
				GCC_C_LANGUAGE_STANDARD = gnu11;
				GCC_NO_COMMON_BLOCKS = YES;
				GCC_WARN_64_TO_32_BIT_CONVERSION = YES;
				GCC_WARN_ABOUT_RETURN_TYPE = YES_ERROR;
				GCC_WARN_UNDECLARED_SELECTOR = YES;
				GCC_WARN_UNINITIALIZED_AUTOS = YES_AGGRESSIVE;
				GCC_WARN_UNUSED_FUNCTION = YES;
				GCC_WARN_UNUSED_VARIABLE = YES;
				MACOSX_DEPLOYMENT_TARGET = 10.14;
				MTL_ENABLE_DEBUG_INFO = NO;
				MTL_FAST_MATH = YES;
				SDKROOT = macosx;
			};
			name = Release;
		};
		FAA146B224632B45005A255D /* Debug */ = {
			isa = XCBuildConfiguration;
			buildSettings = {
				CODE_SIGN_STYLE = Automatic;
				PRODUCT_NAME = "$(TARGET_NAME)";
			};
			name = Debug;
		};
		FAA146B324632B45005A255D /* Release */ = {
			isa = XCBuildConfiguration;
			buildSettings = {
				CODE_SIGN_STYLE = Automatic;
				PRODUCT_NAME = "$(TARGET_NAME)";
			};
			name = Release;
		};
/* End XCBuildConfiguration section */

/* Begin XCConfigurationList section */
		FAA146A524632B45005A255D /* Build configuration list for PBXProject "solved" */ = {
			isa = XCConfigurationList;
			buildConfigurations = (
				FAA146AF24632B45005A255D /* Debug */,
				FAA146B024632B45005A255D /* Release */,
			);
			defaultConfigurationIsVisible = 0;
			defaultConfigurationName = Release;
		};
		FAA146B124632B45005A255D /* Build configuration list for PBXNativeTarget "solved" */ = {
			isa = XCConfigurationList;
			buildConfigurations = (
				FAA146B224632B45005A255D /* Debug */,
				FAA146B324632B45005A255D /* Release */,
			);
			defaultConfigurationIsVisible = 0;
			defaultConfigurationName = Release;
		};
/* End XCConfigurationList section */
	};
	rootObject = FAA146A224632B45005A255D /* Project object */;
}
